
Microsoft Visual Studio Solution File, Format Version 12.00
# Visual Studio 2012
Project("{8BC9CEB8-8B4A-11D0-8D11-00A0C91BC942}") = "picoc", "picoc.vcxproj", "{C0156FB3-55AB-4F82-8A97-A776DFC57951}"
EndProject
Project("{FAE04EC0-301F-11D3-BF4B-00C04F79EFBC}") = "Test", "Test\Test.csproj", "{0D21D601-0895-47B8-AAD4-025632E30D99}"
EndProject
Project("{FAE04EC0-301F-11D3-BF4B-00C04F79EFBC}") = "pC", "pC\pC.csproj", "{C30B2DAC-CB31-4B26-85E7-DE42AEE4ACF3}"
EndProject
Global
	GlobalSection(SolutionConfigurationPlatforms) = preSolution
		Debug|Any CPU = Debug|Any CPU
		Debug|Mixed Platforms = Debug|Mixed Platforms
		Debug|Win32 = Debug|Win32
		Release|Any CPU = Release|Any CPU
		Release|Mixed Platforms = Release|Mixed Platforms
		Release|Win32 = Release|Win32
	EndGlobalSection
	GlobalSection(ProjectConfigurationPlatforms) = postSolution
		{C0156FB3-55AB-4F82-8A97-A776DFC57951}.Debug|Any CPU.ActiveCfg = Debug|Win32
		{C0156FB3-55AB-4F82-8A97-A776DFC57951}.Debug|Mixed Platforms.ActiveCfg = Debug|Win32
		{C0156FB3-55AB-4F82-8A97-A776DFC57951}.Debug|Mixed Platforms.Build.0 = Debug|Win32
		{C0156FB3-55AB-4F82-8A97-A776DFC57951}.Debug|Win32.ActiveCfg = Debug|Win32
		{C0156FB3-55AB-4F82-8A97-A776DFC57951}.Debug|Win32.Build.0 = Debug|Win32
		{C0156FB3-55AB-4F82-8A97-A776DFC57951}.Release|Any CPU.ActiveCfg = Release|Win32
		{C0156FB3-55AB-4F82-8A97-A776DFC57951}.Release|Mixed Platforms.ActiveCfg = Release|Win32
		{C0156FB3-55AB-4F82-8A97-A776DFC57951}.Release|Mixed Platforms.Build.0 = Release|Win32
		{C0156FB3-55AB-4F82-8A97-A776DFC57951}.Release|Win32.ActiveCfg = Release|Win32
		{C0156FB3-55AB-4F82-8A97-A776DFC57951}.Release|Win32.Build.0 = Release|Win32
		{0D21D601-0895-47B8-AAD4-025632E30D99}.Debug|Any CPU.ActiveCfg = Debug|Any CPU
		{0D21D601-0895-47B8-AAD4-025632E30D99}.Debug|Any CPU.Build.0 = Debug|Any CPU
		{0D21D601-0895-47B8-AAD4-025632E30D99}.Debug|Mixed Platforms.ActiveCfg = Debug|Any CPU
		{0D21D601-0895-47B8-AAD4-025632E30D99}.Debug|Mixed Platforms.Build.0 = Debug|Any CPU
		{0D21D601-0895-47B8-AAD4-025632E30D99}.Debug|Win32.ActiveCfg = Debug|Any CPU
		{0D21D601-0895-47B8-AAD4-025632E30D99}.Release|Any CPU.ActiveCfg = Release|Any CPU
		{0D21D601-0895-47B8-AAD4-025632E30D99}.Release|Any CPU.Build.0 = Release|Any CPU
		{0D21D601-0895-47B8-AAD4-025632E30D99}.Release|Mixed Platforms.ActiveCfg = Release|Any CPU
		{0D21D601-0895-47B8-AAD4-025632E30D99}.Release|Mixed Platforms.Build.0 = Release|Any CPU
		{0D21D601-0895-47B8-AAD4-025632E30D99}.Release|Win32.ActiveCfg = Release|Any CPU
		{C30B2DAC-CB31-4B26-85E7-DE42AEE4ACF3}.Debug|Any CPU.ActiveCfg = Debug|Any CPU
		{C30B2DAC-CB31-4B26-85E7-DE42AEE4ACF3}.Debug|Any CPU.Build.0 = Debug|Any CPU
		{C30B2DAC-CB31-4B26-85E7-DE42AEE4ACF3}.Debug|Mixed Platforms.ActiveCfg = Debug|Any CPU
		{C30B2DAC-CB31-4B26-85E7-DE42AEE4ACF3}.Debug|Mixed Platforms.Build.0 = Debug|Any CPU
		{C30B2DAC-CB31-4B26-85E7-DE42AEE4ACF3}.Debug|Win32.ActiveCfg = Debug|Any CPU
		{C30B2DAC-CB31-4B26-85E7-DE42AEE4ACF3}.Release|Any CPU.ActiveCfg = Release|Any CPU
		{C30B2DAC-CB31-4B26-85E7-DE42AEE4ACF3}.Release|Any CPU.Build.0 = Release|Any CPU
		{C30B2DAC-CB31-4B26-85E7-DE42AEE4ACF3}.Release|Mixed Platforms.ActiveCfg = Release|Any CPU
		{C30B2DAC-CB31-4B26-85E7-DE42AEE4ACF3}.Release|Mixed Platforms.Build.0 = Release|Any CPU
		{C30B2DAC-CB31-4B26-85E7-DE42AEE4ACF3}.Release|Win32.ActiveCfg = Release|Any CPU
	EndGlobalSection
	GlobalSection(SolutionProperties) = preSolution
		HideSolutionNode = FALSE
	EndGlobalSection
EndGlobal
